// !$*UTF8*$!
{
	archiveVersion = 1;
	classes = {
	};
	objectVersion = 46;
	objects = {

/* Begin PBXBuildFile section */
		C11ED1AD19E9FC9B00040151 /* main.c in Sources */ = {isa = PBXBuildFile; fileRef = C11ED1AC19E9FC9B00040151 /* main.c */; };
/* End PBXBuildFile section */

/* Begin PBXCopyFilesBuildPhase section */
		C11ED1A719E9FC9B00040151 /* CopyFiles */ = {
			isa = PBXCopyFilesBuildPhase;
			buildActionMask = 2147483647;
			dstPath = /usr/share/man/man1/;
			dstSubfolderSpec = 0;
			files = (
			);
			runOnlyForDeploymentPostprocessing = 1;
		};
/* End PBXCopyFilesBuildPhase section */

/* Begin PBXFileReference section */
		C11ED1A919E9FC9B00040151 /* FileIO */ = {isa = PBXFileReference; explicitFileType = "compiled.mach-o.executable"; includeInIndex = 0; path = FileIO; sourceTree = BUILT_PRODUCTS_DIR; };
		C11ED1AC19E9FC9B00040151 /* main.c */ = {isa = PBXFileReference; lastKnownFileType = sourcecode.c.c; path = main.c; sourceTree = "<group>"; };
/* End PBXFileReference section */

/* Begin PBXFrameworksBuildPhase section */
		C11ED1A619E9FC9B00040151 /* Frameworks */ = {
			isa = PBXFrameworksBuildPhase;
			buildActionMask = 2147483647;
			files = (
			);
			runOnlyForDeploymentPostprocessing = 0;
		};
/* End PBXFrameworksBuildPhase section */

/* Begin PBXGroup section */
		C11ED1A019E9FC9B00040151 = {
			isa = PBXGroup;
			children = (
				C11ED1AB19E9FC9B00040151 /* FileIO */,
				C11ED1AA19E9FC9B00040151 /* Products */,
			);
			sourceTree = "<group>";
		};
		C11ED1AA19E9FC9B00040151 /* Products */ = {
			isa = PBXGroup;
			children = (
				C11ED1A919E9FC9B00040151 /* FileIO */,
			);
			name = Products;
			sourceTree = "<group>";
		};
		C11ED1AB19E9FC9B00040151 /* FileIO */ = {
			isa = PBXGroup;
			children = (
				C11ED1AC19E9FC9B00040151 /* main.c */,
			);
			path = FileIO;
			sourceTree = "<group>";
		};
/* End PBXGroup section */

/* Begin PBXNativeTarget section */
		C11ED1A819E9FC9B00040151 /* FileIO */ = {
			isa = PBXNativeTarget;
			buildConfigurationList = C11ED1B019E9FC9B00040151 /* Build configuration list for PBXNativeTarget "FileIO" */;
			buildPhases = (
				C11ED1A519E9FC9B00040151 /* Sources */,
				C11ED1A619E9FC9B00040151 /* Frameworks */,
				C11ED1A719E9FC9B00040151 /* CopyFiles */,
			);
			buildRules = (
			);
			dependencies = (
			);
			name = FileIO;
			productName = FileIO;
			productReference = C11ED1A919E9FC9B00040151 /* FileIO */;
			productType = "com.apple.product-type.tool";
		};
/* End PBXNativeTarget section */

/* Begin PBXProject section */
		C11ED1A119E9FC9B00040151 /* Project object */ = {
			isa = PBXProject;
			attributes = {
				LastUpgradeCheck = 0600;
				ORGANIZATIONNAME = Show;
				TargetAttributes = {
					C11ED1A819E9FC9B00040151 = {
						CreatedOnToolsVersion = 6.0.1;
					};
				};
			};
			buildConfigurationList = C11ED1A419E9FC9B00040151 /* Build configuration list for PBXProject "FileIO" */;
			compatibilityVersion = "Xcode 3.2";
			developmentRegion = English;
			hasScannedForEncodings = 0;
			knownRegions = (
				en,
			);
			mainGroup = C11ED1A019E9FC9B00040151;
			productRefGroup = C11ED1AA19E9FC9B00040151 /* Products */;
			projectDirPath = "";
			projectRoot = "";
			targets = (
				C11ED1A819E9FC9B00040151 /* FileIO */,
			);
		};
/* End PBXProject section */

/* Begin PBXSourcesBuildPhase section */
		C11ED1A519E9FC9B00040151 /* Sources */ = {
			isa = PBXSourcesBuildPhase;
			buildActionMask = 2147483647;
			files = (
				C11ED1AD19E9FC9B00040151 /* main.c in Sources */,
			);
			runOnlyForDeploymentPostprocessing = 0;
		};
/* End PBXSourcesBuildPhase section */

/* Begin XCBuildConfiguration section */
		C11ED1AE19E9FC9B00040151 /* Debug */ = {
			isa = XCBuildConfiguration;
			buildSettings = {
				ALWAYS_SEARCH_USER_PATHS = NO;
				CLANG_CXX_LANGUAGE_STANDARD = "gnu++0x";
				CLANG_CXX_LIBRARY = "libc++";
				CLANG_ENABLE_MODULES = YES;
				CLANG_ENABLE_OBJC_ARC = YES;
				CLANG_WARN_BOOL_CONVERSION = YES;
				CLANG_WARN_CONSTANT_CONVERSION = YES;
				CLANG_WARN_DIRECT_OBJC_ISA_USAGE = YES_ERROR;
				CLANG_WARN_EMPTY_BODY = YES;
				CLANG_WARN_ENUM_CONVERSION = YES;
				CLANG_WARN_INT_CONVERSION = YES;
				CLANG_WARN_OBJC_ROOT_CLASS = YES_ERROR;
				CLANG_WARN_UNREACHABLE_CODE = YES;
				CLANG_WARN__DUPLICATE_METHOD_MATCH = YES;
				COPY_PHASE_STRIP = NO;
				ENABLE_STRICT_OBJC_MSGSEND = YES;
				GCC_C_LANGUAGE_STANDARD = gnu99;
				GCC_DYNAMIC_NO_PIC = NO;
				GCC_OPTIMIZATION_LEVEL = 0;
				GCC_PREPROCESSOR_DEFINITIONS = (
					"DEBUG=1",
					"$(inherited)",
				);
				GCC_SYMBOLS_PRIVATE_EXTERN = NO;
				GCC_WARN_64_TO_32_BIT_CONVERSION = YES;
				GCC_WARN_ABOUT_RETURN_TYPE = YES_ERROR;
				GCC_WARN_UNDECLARED_SELECTOR = YES;
				GCC_WARN_UNINITIALIZED_AUTOS = YES_AGGRESSIVE;
				GCC_WARN_UNUSED_FUNCTION = YES;
				GCC_WARN_UNUSED_VARIABLE = YES;
				MACOSX_DEPLOYMENT_TARGET = 10.9;
				MTL_ENABLE_DEBUG_INFO = YES;
				ONLY_ACTIVE_ARCH = YES;
				SDKROOT = macosx;
			};
			name = Debug;
		};
		C11ED1AF19E9FC9B00040151 /* Release */ = {
			isa = XCBuildConfiguration;
			buildSettings = {
				ALWAYS_SEARCH_USER_PATHS = NO;
				CLANG_CXX_LANGUAGE_STANDARD = "gnu++0x";
				CLANG_CXX_LIBRARY = "libc++";
				CLANG_ENABLE_MODULES = YES;
				CLANG_ENABLE_OBJC_ARC = YES;
				CLANG_WARN_BOOL_CONVERSION = YES;
				CLANG_WARN_CONSTANT_CONVERSION = YES;
				CLANG_WARN_DIRECT_OBJC_ISA_USAGE = YES_ERROR;
				CLANG_WARN_EMPTY_BODY = YES;
				CLANG_WARN_ENUM_CONVERSION = YES;
				CLANG_WARN_INT_CONVERSION = YES;
				CLANG_WARN_OBJC_ROOT_CLASS = YES_ERROR;
				CLANG_WARN_UNREACHABLE_CODE = YES;
				CLANG_WARN__DUPLICATE_METHOD_MATCH = YES;
				COPY_PHASE_STRIP = YES;
				DEBUG_INFORMATION_FORMAT = "dwarf-with-dsym";
				ENABLE_NS_ASSERTIONS = NO;
				ENABLE_STRICT_OBJC_MSGSEND = YES;
				GCC_C_LANGUAGE_STANDARD = gnu99;
				GCC_WARN_64_TO_32_BIT_CONVERSION = YES;
				GCC_WARN_ABOUT_RETURN_TYPE = YES_ERROR;
				GCC_WARN_UNDECLARED_SELECTOR = YES;
				GCC_WARN_UNINITIALIZED_AUTOS = YES_AGGRESSIVE;
				GCC_WARN_UNUSED_FUNCTION = YES;
				GCC_WARN_UNUSED_VARIABLE = YES;
				MACOSX_DEPLOYMENT_TARGET = 10.9;
				MTL_ENABLE_DEBUG_INFO = NO;
				SDKROOT = macosx;
			};
			name = Release;
		};
		C11ED1B119E9FC9B00040151 /* Debug */ = {
			isa = XCBuildConfiguration;
			buildSettings = {
				PRODUCT_NAME = "$(TARGET_NAME)";
			};
			name = Debug;
		};
		C11ED1B219E9FC9B00040151 /* Release */ = {
			isa = XCBuildConfiguration;
			buildSettings = {
				PRODUCT_NAME = "$(TARGET_NAME)";
			};
			name = Release;
		};
/* End XCBuildConfiguration section */

/* Begin XCConfigurationList section */
		C11ED1A419E9FC9B00040151 /* Build configuration list for PBXProject "FileIO" */ = {
			isa = XCConfigurationList;
			buildConfigurations = (
				C11ED1AE19E9FC9B00040151 /* Debug */,
				C11ED1AF19E9FC9B00040151 /* Release */,
			);
			defaultConfigurationIsVisible = 0;
			defaultConfigurationName = Release;
		};
		C11ED1B019E9FC9B00040151 /* Build configuration list for PBXNativeTarget "FileIO" */ = {
			isa = XCConfigurationList;
			buildConfigurations = (
				C11ED1B119E9FC9B00040151 /* Debug */,
				C11ED1B219E9FC9B00040151 /* Release */,
			);
			defaultConfigurationIsVisible = 0;
		};
/* End XCConfigurationList section */
	};
	rootObject = C11ED1A119E9FC9B00040151 /* Project object */;
}
